
Microsoft Visual Studio Solution File, Format Version 12.00
# Visual Studio 2013
VisualStudioVersion = 12.0.21005.1
MinimumVisualStudioVersion = 10.0.40219.1
Project("{FAE04EC0-301F-11D3-BF4B-00C04F79EFBC}") = "EFLibrary", "EFLibrary\EFLibrary.csproj", "{A19A22EA-7A00-4186-B1C3-558FC1150C53}"
EndProject
Project("{FF286327-C783-4F7A-AB73-9BCBAD0D4460}") = "EFriends", "EFriends\EFriends.nuproj", "{7E57B650-F1CE-4A15-B4DA-0B50773FCF6E}"
EndProject
Global
	GlobalSection(SolutionConfigurationPlatforms) = preSolution
		Debug|Any CPU = Debug|Any CPU
		Release|Any CPU = Release|Any CPU
	EndGlobalSection
	GlobalSection(ProjectConfigurationPlatforms) = postSolution
		{A19A22EA-7A00-4186-B1C3-558FC1150C53}.Debug|Any CPU.ActiveCfg = Debug|Any CPU
		{A19A22EA-7A00-4186-B1C3-558FC1150C53}.Debug|Any CPU.Build.0 = Debug|Any CPU
		{A19A22EA-7A00-4186-B1C3-558FC1150C53}.Release|Any CPU.ActiveCfg = Release|Any CPU
		{A19A22EA-7A00-4186-B1C3-558FC1150C53}.Release|Any CPU.Build.0 = Release|Any CPU
		{7E57B650-F1CE-4A15-B4DA-0B50773FCF6E}.Debug|Any CPU.ActiveCfg = Debug|Any CPU
		{7E57B650-F1CE-4A15-B4DA-0B50773FCF6E}.Debug|Any CPU.Build.0 = Debug|Any CPU
		{7E57B650-F1CE-4A15-B4DA-0B50773FCF6E}.Release|Any CPU.ActiveCfg = Release|Any CPU
		{7E57B650-F1CE-4A15-B4DA-0B50773FCF6E}.Release|Any CPU.Build.0 = Release|Any CPU
	EndGlobalSection
	GlobalSection(SolutionProperties) = preSolution
		HideSolutionNode = FALSE
	EndGlobalSection
EndGlobal
